
Microsoft Visual Studio Solution File, Format Version 12.00
# Visual Studio 15
VisualStudioVersion = 15.0.26730.12
MinimumVisualStudioVersion = 10.0.40219.1
Project("{FAE04EC0-301F-11D3-BF4B-00C04F79EFBC}") = "PackageInstallerWizard", "src\PackageInstallerWizard.csproj", "{BC94EFFF-FDB0-4842-89CA-45493F26C27F}"
EndProject
Project("{2150E333-8FDC-42A3-9474-1A3956D46DE8}") = "Solution Items", "Solution Items", "{1F7556C4-1868-42E7-B00E-37118FB21D68}"
	ProjectSection(SolutionItems) = preProject
		CHANGELOG.md = CHANGELOG.md
		README.md = README.md
	EndProjectSection
EndProject
Global
	GlobalSection(SolutionConfigurationPlatforms) = preSolution
		Debug|Any CPU = Debug|Any CPU
		Release|Any CPU = Release|Any CPU
	EndGlobalSection
	GlobalSection(ProjectConfigurationPlatforms) = postSolution
		{BC94EFFF-FDB0-4842-89CA-45493F26C27F}.Debug|Any CPU.ActiveCfg = Debug|Any CPU
		{BC94EFFF-FDB0-4842-89CA-45493F26C27F}.Debug|Any CPU.Build.0 = Debug|Any CPU
		{BC94EFFF-FDB0-4842-89CA-45493F26C27F}.Release|Any CPU.ActiveCfg = Release|Any CPU
		{BC94EFFF-FDB0-4842-89CA-45493F26C27F}.Release|Any CPU.Build.0 = Release|Any CPU
	EndGlobalSection
	GlobalSection(SolutionProperties) = preSolution
		HideSolutionNode = FALSE
	EndGlobalSection
	GlobalSection(ExtensibilityGlobals) = postSolution
		SolutionGuid = {34726D13-B1DE-4CCC-B150-F80E7D4BF613}
	EndGlobalSection
EndGlobal
